
Microsoft Visual Studio Solution File, Format Version 12.00
# Visual Studio Version 16
VisualStudioVersion = 16.0.35229.62
MinimumVisualStudioVersion = 10.0.40219.1
Project("{FAE04EC0-301F-11D3-BF4B-00C04F79EFBC}") = "WinformConnectSqlServer", "WinformConnectSqlServer\WinformConnectSqlServer.csproj", "{729E3490-2174-420D-8AEC-5F2CDE5C0F1B}"
EndProject
Global
	GlobalSection(SolutionConfigurationPlatforms) = preSolution
		Debug|Any CPU = Debug|Any CPU
		Release|Any CPU = Release|Any CPU
	EndGlobalSection
	GlobalSection(ProjectConfigurationPlatforms) = postSolution
		{729E3490-2174-420D-8AEC-5F2CDE5C0F1B}.Debug|Any CPU.ActiveCfg = Debug|Any CPU
		{729E3490-2174-420D-8AEC-5F2CDE5C0F1B}.Debug|Any CPU.Build.0 = Debug|Any CPU
		{729E3490-2174-420D-8AEC-5F2CDE5C0F1B}.Release|Any CPU.ActiveCfg = Release|Any CPU
		{729E3490-2174-420D-8AEC-5F2CDE5C0F1B}.Release|Any CPU.Build.0 = Release|Any CPU
	EndGlobalSection
	GlobalSection(SolutionProperties) = preSolution
		HideSolutionNode = FALSE
	EndGlobalSection
	GlobalSection(ExtensibilityGlobals) = postSolution
		SolutionGuid = {2AEFE5D0-3294-4833-8616-657765343118}
	EndGlobalSection
EndGlobal
